
Microsoft Visual Studio Solution File, Format Version 12.00
# Visual Studio Version 16
VisualStudioVersion = 16.0.31205.134
MinimumVisualStudioVersion = 10.0.40219.1
Project("{FAE04EC0-301F-11D3-BF4B-00C04F79EFBC}") = "HostingDOTNETCoreInWPF", "HostingDOTNETCoreInWPF\HostingDOTNETCoreInWPF.csproj", "{68819BB9-8707-4F5F-B45A-95DEF89600C6}"
EndProject
Project("{FAE04EC0-301F-11D3-BF4B-00C04F79EFBC}") = "MVC5", "MVC5\MVC5.csproj", "{07A03319-3657-44A9-8B69-F568F9608386}"
EndProject
Global
	GlobalSection(SolutionConfigurationPlatforms) = preSolution
		Debug|Any CPU = Debug|Any CPU
		Release|Any CPU = Release|Any CPU
	EndGlobalSection
	GlobalSection(ProjectConfigurationPlatforms) = postSolution
		{68819BB9-8707-4F5F-B45A-95DEF89600C6}.Debug|Any CPU.ActiveCfg = Debug|Any CPU
		{68819BB9-8707-4F5F-B45A-95DEF89600C6}.Debug|Any CPU.Build.0 = Debug|Any CPU
		{68819BB9-8707-4F5F-B45A-95DEF89600C6}.Release|Any CPU.ActiveCfg = Release|Any CPU
		{68819BB9-8707-4F5F-B45A-95DEF89600C6}.Release|Any CPU.Build.0 = Release|Any CPU
		{07A03319-3657-44A9-8B69-F568F9608386}.Debug|Any CPU.ActiveCfg = Debug|Any CPU
		{07A03319-3657-44A9-8B69-F568F9608386}.Debug|Any CPU.Build.0 = Debug|Any CPU
		{07A03319-3657-44A9-8B69-F568F9608386}.Release|Any CPU.ActiveCfg = Release|Any CPU
		{07A03319-3657-44A9-8B69-F568F9608386}.Release|Any CPU.Build.0 = Release|Any CPU
	EndGlobalSection
	GlobalSection(SolutionProperties) = preSolution
		HideSolutionNode = FALSE
	EndGlobalSection
	GlobalSection(ExtensibilityGlobals) = postSolution
		SolutionGuid = {15A1F0FA-6737-4BE9-A1F8-CF81AD863FC7}
	EndGlobalSection
EndGlobal
